
Microsoft Visual Studio Solution File, Format Version 12.00
# Visual Studio Version 17
VisualStudioVersion = 17.7.34024.191
MinimumVisualStudioVersion = 10.0.40219.1
Project("{9A19103F-16F7-4668-BE54-9A1E7A4F7556}") = "packmaker", "packmaker.csproj", "{1235893A-7091-46ED-AC97-B500F12CB5DA}"
EndProject
Global
	GlobalSection(SolutionConfigurationPlatforms) = preSolution
		Debug|Any CPU = Debug|Any CPU
		Release|Any CPU = Release|Any CPU
	EndGlobalSection
	GlobalSection(ProjectConfigurationPlatforms) = postSolution
		{1235893A-7091-46ED-AC97-B500F12CB5DA}.Debug|Any CPU.ActiveCfg = Debug|Any CPU
		{1235893A-7091-46ED-AC97-B500F12CB5DA}.Debug|Any CPU.Build.0 = Debug|Any CPU
		{1235893A-7091-46ED-AC97-B500F12CB5DA}.Release|Any CPU.ActiveCfg = Release|Any CPU
		{1235893A-7091-46ED-AC97-B500F12CB5DA}.Release|Any CPU.Build.0 = Release|Any CPU
	EndGlobalSection
	GlobalSection(SolutionProperties) = preSolution
		HideSolutionNode = FALSE
	EndGlobalSection
	GlobalSection(ExtensibilityGlobals) = postSolution
		SolutionGuid = {79C15E72-7526-4C2B-B63B-BDA6CF66CCB4}
	EndGlobalSection
EndGlobal
